
Microsoft Visual Studio Solution File, Format Version 12.00
# Visual Studio Version 16
VisualStudioVersion = 25.0.1705.6
MinimumVisualStudioVersion = 10.0.40219.1
Project("{FAE04EC0-301F-11D3-BF4B-00C04F79EFBC}") = "pertemuan12", "pertemuan12\pertemuan12.csproj", "{66651DDF-60B0-401C-A2D3-F2DEBF18382A}"
EndProject
Global
	GlobalSection(SolutionConfigurationPlatforms) = preSolution
		Debug|Any CPU = Debug|Any CPU
		Release|Any CPU = Release|Any CPU
	EndGlobalSection
	GlobalSection(ProjectConfigurationPlatforms) = postSolution
		{66651DDF-60B0-401C-A2D3-F2DEBF18382A}.Debug|Any CPU.ActiveCfg = Debug|Any CPU
		{66651DDF-60B0-401C-A2D3-F2DEBF18382A}.Debug|Any CPU.Build.0 = Debug|Any CPU
		{66651DDF-60B0-401C-A2D3-F2DEBF18382A}.Release|Any CPU.ActiveCfg = Release|Any CPU
		{66651DDF-60B0-401C-A2D3-F2DEBF18382A}.Release|Any CPU.Build.0 = Release|Any CPU
	EndGlobalSection
	GlobalSection(SolutionProperties) = preSolution
		HideSolutionNode = FALSE
	EndGlobalSection
	GlobalSection(ExtensibilityGlobals) = postSolution
		SolutionGuid = {5166BCBD-D225-4850-BAFE-E63FB8357F3F}
	EndGlobalSection
EndGlobal
